
Microsoft Visual Studio Solution File, Format Version 12.00
# Visual Studio 2012
Project("{8BC9CEB8-8B4A-11D0-8D11-00A0C91BC942}") = "GD_ZThreadLib", "GD_ZThreadLib.vcxproj", "{9F47E4E5-45F2-4E49-8221-19A2E9BED4CE}"
EndProject
Project("{8BC9CEB8-8B4A-11D0-8D11-00A0C91BC942}") = "GD_ZThreadLib_Tester", "GD_ZThreadLib_Tester\GD_ZThreadLib_Tester.vcxproj", "{8EC50DE0-D40A-4944-BBB4-D41E922D0B8A}"
	ProjectSection(ProjectDependencies) = postProject
		{9F47E4E5-45F2-4E49-8221-19A2E9BED4CE} = {9F47E4E5-45F2-4E49-8221-19A2E9BED4CE}
	EndProjectSection
EndProject
Global
	GlobalSection(SolutionConfigurationPlatforms) = preSolution
		Debug|Win32 = Debug|Win32
		Debug|x64 = Debug|x64
		Release|Win32 = Release|Win32
		Release|x64 = Release|x64
	EndGlobalSection
	GlobalSection(ProjectConfigurationPlatforms) = postSolution
		{9F47E4E5-45F2-4E49-8221-19A2E9BED4CE}.Debug|Win32.ActiveCfg = Debug|Win32
		{9F47E4E5-45F2-4E49-8221-19A2E9BED4CE}.Debug|Win32.Build.0 = Debug|Win32
		{9F47E4E5-45F2-4E49-8221-19A2E9BED4CE}.Debug|x64.ActiveCfg = Debug|x64
		{9F47E4E5-45F2-4E49-8221-19A2E9BED4CE}.Debug|x64.Build.0 = Debug|x64
		{9F47E4E5-45F2-4E49-8221-19A2E9BED4CE}.Release|Win32.ActiveCfg = Release|Win32
		{9F47E4E5-45F2-4E49-8221-19A2E9BED4CE}.Release|Win32.Build.0 = Release|Win32
		{9F47E4E5-45F2-4E49-8221-19A2E9BED4CE}.Release|x64.ActiveCfg = Release|x64
		{9F47E4E5-45F2-4E49-8221-19A2E9BED4CE}.Release|x64.Build.0 = Release|x64
		{8EC50DE0-D40A-4944-BBB4-D41E922D0B8A}.Debug|Win32.ActiveCfg = Debug|Win32
		{8EC50DE0-D40A-4944-BBB4-D41E922D0B8A}.Debug|Win32.Build.0 = Debug|Win32
		{8EC50DE0-D40A-4944-BBB4-D41E922D0B8A}.Debug|x64.ActiveCfg = Debug|x64
		{8EC50DE0-D40A-4944-BBB4-D41E922D0B8A}.Debug|x64.Build.0 = Debug|x64
		{8EC50DE0-D40A-4944-BBB4-D41E922D0B8A}.Release|Win32.ActiveCfg = Release|Win32
		{8EC50DE0-D40A-4944-BBB4-D41E922D0B8A}.Release|Win32.Build.0 = Release|Win32
		{8EC50DE0-D40A-4944-BBB4-D41E922D0B8A}.Release|x64.ActiveCfg = Release|x64
		{8EC50DE0-D40A-4944-BBB4-D41E922D0B8A}.Release|x64.Build.0 = Release|x64
	EndGlobalSection
	GlobalSection(SolutionProperties) = preSolution
		HideSolutionNode = FALSE
	EndGlobalSection
EndGlobal
